PODS:
  - RxSwift (4.1.2)
  - SwiftGen (5.3.0)

DEPENDENCIES:
  - RxSwift
  - SwiftGen

SPEC REPOS:
  trunk:
    - RxSwift
    - SwiftGen

SPEC CHECKSUMS:
  RxSwift: e49536837d9901277638493ea537394d4b55f570
  SwiftGen: 4379bd3640b0a212a0f6ea3c494adba385513d10

PODFILE CHECKSUM: 74cc621d80b07599c48a880b188ffd1d9b93882c

COCOAPODS: 1.10.1
